[[package]]
category = "dev"
description = "Atomic file writes."
name = "atomicwrites"
optional = false
python-versions = ">=2.7, !=3.0.*, !=3.1.*, !=3.2.*, !=3.3.*"
version = "1.3.0"

[[package]]
category = "main"
description = "A dict with attribute-style access"
name = "attrdict"
optional = false
python-versions = "*"
version = "2.0.1"

[package.dependencies]
six = "*"

[[package]]
category = "dev"
description = "Classes Without Boilerplate"
name = "attrs"
optional = false
python-versions = ">=2.7, !=3.0.*, !=3.1.*, !=3.2.*, !=3.3.*"
version = "19.1.0"

[[package]]
category = "main"
description = "Base58 and Base58Check implementation"
name = "base58"
optional = false
python-versions = "*"
version = "1.0.3"

[[package]]
category = "main"
description = "Python package for providing Mozilla's CA Bundle."
name = "certifi"
optional = false
python-versions = "*"
version = "2019.6.16"

[[package]]
category = "main"
description = "Universal encoding detector for Python 2 and 3"
name = "chardet"
optional = false
python-versions = "*"
version = "3.0.4"

[[package]]
category = "dev"
description = "Cross-platform colored terminal text."
marker = "sys_platform == \"win32\""
name = "colorama"
optional = false
python-versions = ">=2.7, !=3.0.*, !=3.1.*, !=3.2.*, !=3.3.*"
version = "0.4.1"

[[package]]
category = "main"
description = "Cython implementation of Toolz: High performance functional utilities"
name = "cytoolz"
optional = false
python-versions = "*"
version = "0.9.0.1"

[package.dependencies]
toolz = ">=0.8.0"

[[package]]
category = "main"
description = "Pythonic argument parser, that will make you smile"
name = "docopt"
optional = false
python-versions = "*"
version = "0.6.2"

[[package]]
category = "main"
description = "Ethereum ABI Utils"
name = "eth-abi"
optional = false
python-versions = ">=3.6, <4"
version = "2.0.0b9"

[package.dependencies]
eth-typing = ">=2.0.0,<3.0.0"
eth-utils = ">=1.2.0,<2.0.0"
parsimonious = ">=0.8.0,<0.9.0"

[[package]]
category = "main"
description = "eth-account: Sign Ethereum transactions and messages with local private keys"
name = "eth-account"
optional = false
python-versions = ">=3.6, <4"
version = "0.4.0"

[package.dependencies]
attrdict = ">=2.0.0,<3"
eth-abi = ">=2.0.0b7,<3"
eth-keyfile = ">=0.5.0,<0.6.0"
eth-keys = ">=0.2.1,<0.3.0"
eth-rlp = ">=0.1.2,<1"
eth-utils = ">=1.3.0,<2"
hexbytes = ">=0.1.0,<1"
rlp = ">=1.0.0,<2"

[[package]]
category = "main"
description = "eth-hash: The Ethereum hashing function, keccak256, sometimes (erroneously) called sha3"
name = "eth-hash"
optional = false
python-versions = ">=3.5, <4"
version = "0.2.0"

[[package]]
category = "main"
description = "A library for handling the encrypted keyfiles used to store ethereum private keys."
name = "eth-keyfile"
optional = false
python-versions = "*"
version = "0.5.1"

[package.dependencies]
cytoolz = ">=0.9.0,<1.0.0"
eth-keys = ">=0.1.0-beta.4,<1.0.0"
eth-utils = ">=1.0.0-beta.1,<2.0.0"
pycryptodome = ">=3.4.7,<4.0.0"

[[package]]
category = "main"
description = "Common API for Ethereum key operations."
name = "eth-keys"
optional = false
python-versions = "*"
version = "0.2.4"

[package.dependencies]
eth-utils = ">=1.3.0,<2.0.0"

[[package]]
category = "main"
description = "eth-rlp: RLP definitions for common Ethereum objects in Python"
name = "eth-rlp"
optional = false
python-versions = ">=3.5, <4"
version = "0.1.2"

[package.dependencies]
eth-utils = ">=1.0.1,<2"
hexbytes = ">=0.1.0,<1"
rlp = ">=0.6.0,<2"

[[package]]
category = "main"
description = "eth-typing: Common type annotations for ethereum python packages"
name = "eth-typing"
optional = false
python-versions = ">=3.5, <4"
version = "2.1.0"

[[package]]
category = "main"
description = "Common utility functions for ethereum codebases."
name = "eth-utils"
optional = false
python-versions = ">=3.5,!=3.5.2,<4"
version = "1.6.1"

[package.dependencies]
cytoolz = ">=0.8.2,<1.0.0"
eth-hash = ">=0.1.0,<1.0.0"
eth-typing = ">=1.0.0,<3.0.0"
toolz = ">0.8.2,<1"

[[package]]
category = "main"
description = "Python abstraction for ERC190 packages."
name = "ethpm"
optional = false
python-versions = ">=3.6, <4"
version = "0.1.4a19"

[package.dependencies]
eth-utils = ">=1.6.0,<2"
ipfshttpclient = ">=0.4.12,<1"
jsonschema = ">=2.6.0,<3"
protobuf = ">=3.0.0,<4"
rlp = ">=1.0.1,<2"
web3 = ">=5.0.0b1,<6"

[[package]]
category = "main"
description = "hexbytes: Python `bytes` subclass that decodes hex, with a readable console output"
name = "hexbytes"
optional = false
python-versions = ">=3.6, <4"
version = "0.2.0"

[package.dependencies]
eth-utils = ">=1.0.1,<2"

[[package]]
category = "main"
description = "Internationalized Domain Names in Applications (IDNA)"
name = "idna"
optional = false
python-versions = ">=2.7, !=3.0.*, !=3.1.*, !=3.2.*, !=3.3.*"
version = "2.8"

[[package]]
category = "dev"
description = "Read metadata from Python packages"
name = "importlib-metadata"
optional = false
python-versions = ">=2.7,!=3.0,!=3.1,!=3.2,!=3.3"
version = "0.18"

[package.dependencies]
zipp = ">=0.5"

[[package]]
category = "main"
description = "Python IPFS HTTP CLIENT library"
name = "ipfshttpclient"
optional = false
python-versions = ">=2.7,!=3.0.*,!=3.1.*,!=3.2.*,!=3.3.*"
version = "0.4.12"

[package.dependencies]
multiaddr = ">=0.0.7"
requests = ">=2.11"
six = "*"

[[package]]
category = "main"
description = "An implementation of JSON Schema validation for Python"
name = "jsonschema"
optional = false
python-versions = "*"
version = "2.6.0"

[[package]]
category = "main"
description = "An Dict like LRU container."
name = "lru-dict"
optional = false
python-versions = "*"
version = "1.1.6"

[[package]]
category = "dev"
description = "More routines for operating on iterables, beyond itertools"
name = "more-itertools"
optional = false
python-versions = ">=3.4"
version = "7.0.0"

[[package]]
category = "main"
description = "Python implementation of jbenet's multiaddr"
name = "multiaddr"
optional = false
python-versions = ">=2.7,!=3.0.*,!=3.1.*,!=3.2.*,!=3.3.*"
version = "0.0.8"

[package.dependencies]
base58 = "*"
netaddr = "*"
six = "*"
varint = "*"

[[package]]
category = "main"
description = "A network address manipulation library for Python"
name = "netaddr"
optional = false
python-versions = "*"
version = "0.7.19"

[[package]]
category = "main"
description = "(Soon to be) the fastest pure-Python PEG parser I could muster"
name = "parsimonious"
optional = false
python-versions = "*"
version = "0.8.1"

[package.dependencies]
six = ">=1.9.0"

[[package]]
category = "dev"
description = "plugin and hook calling mechanisms for python"
name = "pluggy"
optional = false
python-versions = ">=2.7, !=3.0.*, !=3.1.*, !=3.2.*, !=3.3.*"
version = "0.12.0"

[package.dependencies]
importlib-metadata = ">=0.12"

[[package]]
category = "main"
description = "Pony Object-Relational Mapper"
name = "pony"
optional = false
python-versions = "*"
version = "0.7.10"

[[package]]
category = "main"
description = "Protocol Buffers"
name = "protobuf"
optional = false
python-versions = "*"
version = "3.8.0"

[package.dependencies]
setuptools = "*"
six = ">=1.9"

[[package]]
category = "main"
description = "psycopg2 - Python-PostgreSQL Database Adapter"
name = "psycopg2"
optional = false
python-versions = ">=2.7,!=3.0.*,!=3.1.*,!=3.2.*,!=3.3.*"
version = "2.8.3"

[[package]]
category = "dev"
description = "library with cross-python path, ini-parsing, io, code, log facilities"
name = "py"
optional = false
python-versions = ">=2.7, !=3.0.*, !=3.1.*, !=3.2.*, !=3.3.*"
version = "1.8.0"

[[package]]
category = "main"
description = "Cryptographic library for Python"
name = "pycryptodome"
optional = false
python-versions = ">=2.6, !=3.0.*, !=3.1.*, !=3.2.*, !=3.3.*"
version = "3.8.2"

[[package]]
category = "main"
description = ""
marker = "platform_system == \"Windows\""
name = "pypiwin32"
optional = false
python-versions = "*"
version = "223"

[package.dependencies]
pywin32 = ">=223"

[[package]]
category = "dev"
description = "pytest: simple powerful testing with Python"
name = "pytest"
optional = false
python-versions = ">=2.7, !=3.0.*, !=3.1.*, !=3.2.*, !=3.3.*"
version = "3.10.1"

[package.dependencies]
atomicwrites = ">=1.0"
attrs = ">=17.4.0"
colorama = "*"
more-itertools = ">=4.0.0"
pluggy = ">=0.7"
py = ">=1.5.0"
setuptools = "*"
six = ">=1.10.0"

[[package]]
category = "main"
description = "Python for Window Extensions"
marker = "platform_system == \"Windows\""
name = "pywin32"
optional = false
python-versions = "*"
version = "224"

[[package]]
category = "main"
description = "Python HTTP for Humans."
name = "requests"
optional = false
python-versions = ">=2.7, !=3.0.*, !=3.1.*, !=3.2.*, !=3.3.*, !=3.4.*"
version = "2.22.0"

[package.dependencies]
certifi = ">=2017.4.17"
chardet = ">=3.0.2,<3.1.0"
idna = ">=2.5,<2.9"
urllib3 = ">=1.21.1,<1.25.0 || >1.25.0,<1.25.1 || >1.25.1,<1.26"

[[package]]
category = "main"
description = "A package for Recursive Length Prefix encoding and decoding"
name = "rlp"
optional = false
python-versions = "*"
version = "1.1.0"

[package.dependencies]
eth-utils = ">=1.0.2,<2"

[[package]]
category = "main"
description = "Python 2 and 3 compatibility utilities"
name = "six"
optional = false
python-versions = ">=2.6, !=3.0.*, !=3.1.*"
version = "1.12.0"

[[package]]
category = "main"
description = "ANSII Color formatting for output in terminal."
name = "termcolor"
optional = false
python-versions = "*"
version = "1.1.0"

[[package]]
category = "main"
description = "A minimal Telegram API wrappper"
name = "tgb"
optional = false
python-versions = "*"
version = "1.2.0"

[package.dependencies]
requests = "*"

[[package]]
category = "main"
description = "List processing tools and functional utilities"
name = "toolz"
optional = false
python-versions = "*"
version = "0.9.0"

[[package]]
category = "main"
description = "HTTP library with thread-safe connection pooling, file post, and more."
name = "urllib3"
optional = false
python-versions = ">=2.7, !=3.0.*, !=3.1.*, !=3.2.*, !=3.3.*, <4"
version = "1.25.3"

[[package]]
category = "main"
description = "Simple python varint implementation"
name = "varint"
optional = false
python-versions = "*"
version = "1.0.2"

[[package]]
category = "main"
description = "Web3.py"
name = "web3"
optional = false
python-versions = ">=3.6,<4"
version = "5.0.0b2"

[package.dependencies]
eth-abi = ">=2.0.0b6,<3.0.0"
eth-account = ">=0.4.0,<0.5.0"
eth-hash = ">=0.2.0,<1.0.0"
eth-typing = ">=2.0.0,<3.0.0"
eth-utils = ">=1.4.0,<2.0.0"
ethpm = ">=0.1.4a13,<1.0.0"
hexbytes = ">=0.1.0,<1.0.0"
lru-dict = ">=1.1.6,<2.0.0"
pypiwin32 = ">=223"
requests = ">=2.16.0,<3.0.0"
websockets = ">=7.0.0,<8.0.0"

[[package]]
category = "main"
description = "An implementation of the WebSocket Protocol (RFC 6455 & 7692)"
name = "websockets"
optional = false
python-versions = ">=3.4"
version = "7.0"

[[package]]
category = "dev"
description = "Backport of pathlib-compatible object wrapper for zip files"
name = "zipp"
optional = false
python-versions = ">=2.7"
version = "0.5.1"

[metadata]
content-hash = "e3916b5ef945d13c16099bbd28e4227b7e642f7731fc8485fdb0c397fabb4858"
python-versions = "^3.7"

[metadata.hashes]
atomicwrites = ["03472c30eb2c5d1ba9227e4c2ca66ab8287fbfbbda3888aa93dc2e28fc6811b4", "75a9445bac02d8d058d5e1fe689654ba5a6556a1dfd8ce6ec55a0ed79866cfa6"]
attrdict = ["35c90698b55c683946091177177a9e9c0713a0860f0e049febd72649ccd77b70", "9432e3498c74ff7e1b20b3d93b45d766b71cbffa90923496f82c4ae38b92be34"]
attrs = ["69c0dbf2ed392de1cb5ec704444b08a5ef81680a61cb899dc08127123af36a79", "f0b870f674851ecbfbbbd364d6b5cbdff9dcedbc7f3f5e18a6891057f21fe399"]
base58 = ["1e42993c0628ed4f898c03b522b26af78fb05115732549b21a028bc4633d19ab", "6aa0553e477478993588303c54659d15e3c17ae062508c854a8b752d07c716bd", "9a793c599979c497800eb414c852b80866f28daaed5494703fc129592cc83e60"]
certifi = ["046832c04d4e752f37383b628bc601a7ea7211496b4638f6514d0e5b9acc4939", "945e3ba63a0b9f577b1395204e13c3a231f9bc0223888be653286534e5873695"]
chardet = ["84ab92ed1c4d4f16916e05906b6b75a6c0fb5db821cc65e70cbd64a3e2a5eaae", "fc323ffcaeaed0e0a02bf4d117757b98aed530d9ed4531e3e15460124c106691"]
colorama = ["05eed71e2e327246ad6b38c540c4a3117230b19679b875190486ddd2d721422d", "f8ac84de7840f5b9c4e3347b3c1eaa50f7e49c2b07596221daec5edaabbd7c48"]
cytoolz = ["84cc06fa40aa310f2df79dd440fc5f84c3e20f01f9f7783fc9c38d0a11ba00e5"]
docopt = ["49b3a825280bd66b3aa83585ef59c4a8c82f2c8a522dbe754a8bc8d08c85c491"]
eth-abi = ["380223ba0f83473a5077ff6340c6a587292caf47dc18e22eda41f698f8952d82", "f09707e0687c76ab79fbbdfb28efd2099dacbcb09756be719a654b949d37d961"]
eth-account = ["bf857f800a3cb6a7d0535850dfc229fbfb9d04b124cdd0969881d6d5ec9cb645", "fa8308c1d280cfde28455d8c031c3a048c8811e502e750ec0d2cff76988dcd0b"]
eth-hash = ["1b9cb34dd3cd99c85c2bd6a1420ceae39a2eee8bf080efd264bcda8be3edecc8", "499dc02d098f69856d1a6dd005529c16174157d4fb2a9fe20c41f69e39f8f176"]
eth-keyfile = ["70d734af17efdf929a90bb95375f43522be4ed80c3b9e0a8bca575fb11cd1159", "939540efb503380bc30d926833e6a12b22c6750de80feef3720d79e5a79de47d"]
eth-keys = ["d1cdcd6b2118edf5dcd112ba6efc4b187b028c5c7d6af6ca04d90b7af94a1c58", "e15a0140852552ec3eb07e9731e23d390aea4bae892022279af42ce32e9c2620"]
eth-rlp = ["05d8456981d85e16a9afa57f2f2c3356af5d1c49499cc8512cfcdc034b90dde5", "a94744c207ea731a7266bd0894179dc6e51a6a8965316000c8e823b5d7e07694"]
eth-typing = ["164d5fb164636b62a5729557953edfadc91e4f1b055cd591cace24913a917764", "901fcda2ab7cb4d92314484ce4730b6e02f1fccd97d3e20f72a9bdb531624c45"]
eth-utils = ["9e5d08264db94676714dd571a1c91ff8edb90e938e773eabb94af82902dc5212", "f2fe7828ae827f38bdf51ae002f26d5eaa974eeaa3470f30d7ac705605c7a058"]
ethpm = ["2fba0cb0c8c5ac3410f1afab98cc940ec17cb6bdb3b19389370ecfe288101d6d", "823d524369a07b748d21df9f4fac7b42b419cdefdfaff9f3cef227461cc0f388"]
hexbytes = ["438ba9a28dfcda2c2276954b4310f9af1604fb198bfe5ac44c6518feaf6d376a", "9e8b3e3dc4a7de23c0cf1bb3c3edfcc1f0df4b78927bad63816c27a027b8b7d1"]
idna = ["c357b3f628cf53ae2c4c05627ecc484553142ca23264e593d327bcde5e9c3407", "ea8b7f6188e6fa117537c3df7da9fc686d485087abf6ac197f9c46432f7e4a3c"]
importlib-metadata = ["6dfd58dfe281e8d240937776065dd3624ad5469c835248219bd16cf2e12dbeb7", "cb6ee23b46173539939964df59d3d72c3e0c1b5d54b84f1d8a7e912fe43612db"]
ipfshttpclient = ["0a199a1005fe44bff9da28b5af4785b0b09ca700baac9d1e26718fe23fe89bb7", "bee95c500edf669bb8a984d5588fc133fda9ec67845c5688bcbbea030a03f10f"]
jsonschema = ["000e68abd33c972a5248544925a0cae7d1125f9bf6c58280d37546b946769a08", "6ff5f3180870836cae40f06fa10419f557208175f13ad7bc26caa77beb1f6e02"]
lru-dict = ["365457660e3d05b76f1aba3e0f7fedbfcd6528e97c5115a351ddd0db488354cc"]
more-itertools = ["2112d2ca570bb7c3e53ea1a35cd5df42bb0fd10c45f0fb97178679c3c03d64c7", "c3e4748ba1aad8dba30a4886b0b1a2004f9a863837b8654e7059eebf727afa5a"]
multiaddr = ["2faec68b479945fe6b48dd2dc1f8bcccf939aa148836e3a1ab806d6c75db1238", "cb7f4091a2d1fa361fe2fd237efcd963abf650efe3af1414c4e9360a34947573"]
netaddr = ["38aeec7cdd035081d3a4c306394b19d677623bf76fa0913f6695127c7753aefd", "56b3558bd71f3f6999e4c52e349f38660e54a7a8a9943335f73dfc96883e08ca"]
parsimonious = ["3add338892d580e0cb3b1a39e4a1b427ff9f687858fdd61097053742391a9f6b"]
pluggy = ["0825a152ac059776623854c1543d65a4ad408eb3d33ee114dff91e57ec6ae6fc", "b9817417e95936bf75d85d3f8767f7df6cdde751fc40aed3bb3074cbcb77757c"]
pony = ["55bb9d4d12029d8c2bbbc7a284970e72225035db7e6370c0a15ec93d1886fe88"]
protobuf = ["03f43eac9d5b651f976e91cf46a25b75e5779d98f0f4114b0abfed83376d75f8", "0c94b21e6de01362f91a86b372555d22a60b59708599ca9d5032ae9fdf8e3538", "2d2a9f30f61f4063fadd7fb68a2510a6939b43c0d6ceeec5c4704f22225da28e", "34a0b05fca061e4abb77dd180209f68d8637115ff319f51e28a6a9382d69853a", "358710fd0db25372edcf1150fa691f48376a134a6c69ce29f38f185eea7699e6", "3761ab21883f1d3add8643413b326a0026776879b13ecf904e1e05fe18532c03", "41e47198b94c27ba05a08b4a95160656105745c462af574e4bcb0807164065c0", "8c61cc8a76e9d381c665aecc5105fa0f1878cf7db8b5cd17202603bcb386d0fc", "a6eebc4db759e58fdac02efcd3028b811effac881d8a5bad1996e4e8ee6acb47", "a9c12f7c98093da0a46ba76ec40ace725daa1ac4038c41e4b1466afb5c45bb01", "cb95068492ba0859b8c9e61fa8ba206a83c64e5d0916fb4543700b2e2b214115", "cd98476ce7bb4dcd6a7b101f5eecdc073dafea19f311e36eb8fba1a349346277", "ce64cfbea18c535176bdaa10ba740c0fc4c6d998a3f511c17bedb0ae4b3b167c", "dcbb59eac73fd454e8f2c5fba9e3d3320fd4707ed6a9d3ea3717924a6f0903ea", "dd67f34458ae716029e2a71ede998e9092493b62a519236ca52e3c5202096c87", "e3c96056eb5b7284a20e256cb0bf783c8f36ad82a4ae5434a7b7cd02384144a7", "f612d584d7a27e2f39e7b17878430a959c1bc09a74ba09db096b468558e5e126", "f6de8a7d6122297b81566e5bd4df37fd5d62bec14f8f90ebff8ede1c9726cd0a", "fa529d9261682b24c2aaa683667253175c9acebe0a31105394b221090da75832"]
psycopg2 = ["128d0fa910ada0157bba1cb74a9c5f92bb8a1dca77cf91a31eb274d1f889e001", "227fd46cf9b7255f07687e5bde454d7d67ae39ca77e170097cdef8ebfc30c323", "2315e7f104681d498ccf6fd70b0dba5bce65d60ac92171492bfe228e21dcc242", "4b5417dcd2999db0f5a891d54717cfaee33acc64f4772c4bc574d4ff95ed9d80", "640113ddc943522aaf71294e3f2d24013b0edd659b7820621492c9ebd3a2fb0b", "897a6e838319b4bf648a574afb6cabcb17d0488f8c7195100d48d872419f4457", "8dceca81409898c870e011c71179454962dec152a1a6b86a347f4be74b16d864", "b1b8e41da09a0c3ef0b3d4bb72da0dde2abebe583c1e8462973233fd5ad0235f", "cb407fccc12fc29dc331f2b934913405fa49b9b75af4f3a72d0f50f57ad2ca23", "d3a27550a8185e53b244ad7e79e307594b92fede8617d80200a8cce1fba2c60f", "f0e6b697a975d9d3ccd04135316c947dd82d841067c7800ccf622a8717e98df1"]
py = ["64f65755aee5b381cea27766a3a147c3f15b9b6b9ac88676de66ba2ae36793fa", "dc639b046a6e2cff5bbe40194ad65936d6ba360b52b3c3fe1d08a82dd50b5e53"]
pycryptodome = ["0281dc6a65a4d0d9e439f54e0ad5faf27bfdc2ebe9ead36912bac74a0920fa2e", "02af9b284f5c9a55f06f5e4532c16c9b7bd958e293e93969934d864ef7bd87ee", "09da99372fb69762e4b9690291176a166cc351793e2e1c9405d29ca291503aa8", "0c2400ccfc049c3f24e65d4f02bb4208d86e408011019e455fab7f50d2b226c9", "2081dd6dce6b21bf3596427edaedd4f2561dce616893b162ed2c674f3a3ca70a", "28b86ec9fdb005a2a18e4862a3a7277046738825ee8dc89cda5657e75a396089", "2d790c0d4c0d5edcf5fbab4e2af7b03757e40c5ae8d217f0dfe9ddea37fe130f", "2f24906153dca16528cf5515b1afa9ef635423d5a654904e861765f88ca667b6", "30d283939896fa4bacbdb9fa86e6fd51e9a5b953a511e210b38481f697f289f5", "31f78b67f97830d137f74813c0502a181a03b43a32ed124049bb20428176c307", "33c1f3a380fd38ab4dd4372bef17e98002b360b52814bb1b077693b1bd06ec87", "34091e9a6650c44e25339f22fc821396f19f152f65be2546edd823a093fb5a04", "567fb73951ab6865a2eb1a0060b54be1e27302574f6c65879525bdf53fab49e1", "5bc40f8aa7ba8ca7f833ad2477b9d84e1bfd2630b22a46d9bbd221982f8c3ac0", "6b0a0ccf33c7a6100c569667c888335a4aaf0d22218cb97b4963a65d70f6c343", "71b93157f1ce93fc7cfff9359b76def2b4826a7ef7a7f95e070161368e7f584a", "7d939d511b7dac29b2d936706786771ecb8256e43fade5cdb0e8bc58f02b86cf", "7fbc5a93d52e4c51487f4648b00dc41700adb144d10fc567b05f852e76c243ad", "9cb94b8f9c915a5d2b273d612a25a8e5d67b49543f8eb6bcec0275ac46cda421", "a585ea1722f9731e75881d5ffcc51d11c794d244ac57e7c2a9cbb8d5ac729302", "a6458dd7a10ae51f6fce56bdfc79bf6d3b54556237045d09e77fbda9d6d37864", "a9fb92e948128bce0239b87c6efcf2cb1c5a703d0b41dd6835211e6fafd1c5df", "b0b6b4ca1c53e7d6ca9f2720919f63837f05e7a5f92912a2bc29bfd03ed3b54f", "b7d22c8d648aaa3a7ec785eda544402141eb78ac5ffbba4cbe2c3a1f52276870", "bc9560574a868cfa2ba781b7bb0b4685b08ea251697abfc49070ffc05e1cbee6", "c0c5a576f3f7b7de3f86889cb47eb51b59dc11db9cf1e2a0f51eb4d988010ea4", "e1c91c2fa942a71c98a7a1f462de6dbbe82f34b9267eb8131314d97bd13bf0d4", "ec936361ad78aa95382c313df95777795b8185aac5dd3ec5463363ea94b556fc"]
pypiwin32 = ["67adf399debc1d5d14dffc1ab5acacb800da569754fafdc576b2a039485aa775", "71be40c1fbd28594214ecaecb58e7aa8b708eabfa0125c8a109ebd51edbd776a"]
pytest = ["3f193df1cfe1d1609d4c583838bea3d532b18d6160fd3f55c9447fdca30848ec", "e246cf173c01169b9617fc07264b7b1316e78d7a650055235d6d897bc80d9660"]
pywin32 = ["22e218832a54ed206452c8f3ca9eff07ef327f8e597569a4c2828be5eaa09a77", "32b37abafbfeddb0fe718008d6aada5a71efa2874f068bee1f9e703983dcc49a", "35451edb44162d2f603b5b18bd427bc88fcbc74849eaa7a7e7cfe0f507e5c0c8", "4eda2e1e50faa706ff8226195b84fbcbd542b08c842a9b15e303589f85bfb41c", "5f265d72588806e134c8e1ede8561739071626ea4cc25c12d526aa7b82416ae5", "6852ceac5fdd7a146b570655c37d9eacd520ed1eaeec051ff41c6fc94243d8bf", "6dbc4219fe45ece6a0cc6baafe0105604fdee551b5e876dc475d3955b77190ec", "9bd07746ce7f2198021a9fa187fa80df7b221ec5e4c234ab6f00ea355a3baf99"]
requests = ["11e007a8a2aa0323f5a921e9e6a2d7e4e67d9877e85773fba9ba6419025cbeb4", "9cf5292fcd0f598c671cfc1e0d7d1a7f13bb8085e9a590f48c010551dc6c4b31"]
rlp = ["0505fd53278cb4a3ea6baf1b658357ac209bdcdd1b316ac90050c40f669ceacc", "ebe80a03c50e3d6aac47f44ddd45048bb99e411203cd764f5da1330e6d83821c"]
six = ["3350809f0555b11f552448330d0b52d5f24c91a322ea4a15ef22629740f3761c", "d16a0141ec1a18405cd4ce8b4613101da75da0e9a7aec5bdd4fa804d0e0eba73"]
termcolor = ["1d6d69ce66211143803fbc56652b41d73b4a400a2891d7bf7a1cdf4c02de613b"]
tgb = ["d8dde30945c0f88952db33988816ba4669d70f29c9a08b21422dc3aaf505f23f"]
toolz = ["929f0a7ea7f61c178bd951bdae93920515d3fbdbafc8e6caf82d752b9b3b31c9"]
urllib3 = ["b246607a25ac80bedac05c6f282e3cdaf3afb65420fd024ac94435cabe6e18d1", "dbe59173209418ae49d485b87d1681aefa36252ee85884c31346debd19463232"]
varint = ["a6ecc02377ac5ee9d65a6a8ad45c9ff1dac8ccee19400a5950fb51d594214ca5"]
web3 = ["8c7a055ddb13a354c5fc684c8e7fe6d65edcda2cdf304c6b0c3a12cbd2c8cb8d", "ca9be7b406422b91b890fb9e70dbb77e6552e6f3e5f6ba498ee47ba4c7641cf1"]
websockets = ["04b42a1b57096ffa5627d6a78ea1ff7fad3bc2c0331ffc17bc32a4024da7fea0", "08e3c3e0535befa4f0c4443824496c03ecc25062debbcf895874f8a0b4c97c9f", "10d89d4326045bf5e15e83e9867c85d686b612822e4d8f149cf4840aab5f46e0", "232fac8a1978fc1dead4b1c2fa27c7756750fb393eb4ac52f6bc87ba7242b2fa", "4bf4c8097440eff22bc78ec76fe2a865a6e658b6977a504679aaf08f02c121da", "51642ea3a00772d1e48fb0c492f0d3ae3b6474f34d20eca005a83f8c9c06c561", "55d86102282a636e195dad68aaaf85b81d0bef449d7e2ef2ff79ac450bb25d53", "564d2675682bd497b59907d2205031acbf7d3fadf8c763b689b9ede20300b215", "5d13bf5197a92149dc0badcc2b699267ff65a867029f465accfca8abab95f412", "5eda665f6789edb9b57b57a159b9c55482cbe5b046d7db458948370554b16439", "5edb2524d4032be4564c65dc4f9d01e79fe8fad5f966e5b552f4e5164fef0885", "79691794288bc51e2a3b8de2bc0272ca8355d0b8503077ea57c0716e840ebaef", "7fcc8681e9981b9b511cdee7c580d5b005f3bb86b65bde2188e04a29f1d63317", "8e447e05ec88b1b408a4c9cde85aa6f4b04f06aa874b9f0b8e8319faf51b1fee", "90ea6b3e7787620bb295a4ae050d2811c807d65b1486749414f78cfd6fb61489", "9e13239952694b8b831088431d15f771beace10edfcf9ef230cefea14f18508f", "d40f081187f7b54d7a99d8a5c782eaa4edc335a057aa54c85059272ed826dc09", "e1df1a58ed2468c7b7ce9a2f9752a32ad08eac2bcd56318625c3647c2cd2da6f", "e98d0cec437097f09c7834a11c69d79fe6241729b23f656cfc227e93294fc242", "f8d59627702d2ff27cb495ca1abdea8bd8d581de425c56e93bff6517134e0a9b", "fc30cdf2e949a2225b012a7911d1d031df3d23e99b7eda7dfc982dc4a860dae9"]
zipp = ["8c1019c6aad13642199fbe458275ad6a84907634cc9f0989877ccc4a2840139d", "ca943a7e809cc12257001ccfb99e3563da9af99d52f261725e96dfe0f9275bc3"]
