[[package]]
category = "dev"
description = "Atomic file writes."
name = "atomicwrites"
optional = false
python-versions = ">=2.7, !=3.0.*, !=3.1.*, !=3.2.*, !=3.3.*"
version = "1.3.0"

[[package]]
category = "main"
description = "A dict with attribute-style access"
name = "attrdict"
optional = false
python-versions = "*"
version = "2.0.1"

[package.dependencies]
six = "*"

[[package]]
category = "dev"
description = "Classes Without Boilerplate"
name = "attrs"
optional = false
python-versions = ">=2.7, !=3.0.*, !=3.1.*, !=3.2.*, !=3.3.*"
version = "19.1.0"

[[package]]
category = "main"
description = "Python package for providing Mozilla's CA Bundle."
name = "certifi"
optional = false
python-versions = "*"
version = "2019.6.16"

[[package]]
category = "main"
description = "Universal encoding detector for Python 2 and 3"
name = "chardet"
optional = false
python-versions = "*"
version = "3.0.4"

[[package]]
category = "dev"
description = "Cross-platform colored terminal text."
marker = "sys_platform == \"win32\""
name = "colorama"
optional = false
python-versions = ">=2.7, !=3.0.*, !=3.1.*, !=3.2.*, !=3.3.*"
version = "0.4.1"

[[package]]
category = "main"
description = "Cython implementation of Toolz: High performance functional utilities"
name = "cytoolz"
optional = false
python-versions = "*"
version = "0.9.0.1"

[package.dependencies]
toolz = ">=0.8.0"

[[package]]
category = "main"
description = "Pythonic argument parser, that will make you smile"
name = "docopt"
optional = false
python-versions = "*"
version = "0.6.2"

[[package]]
category = "main"
description = "Ethereum ABI Utils"
name = "eth-abi"
optional = false
python-versions = "*"
version = "1.3.0"

[package.dependencies]
eth-typing = ">=2.0.0,<3.0.0"
eth-utils = ">=1.2.0,<2.0.0"
parsimonious = ">=0.8.0,<0.9.0"

[[package]]
category = "main"
description = "eth-account: Sign Ethereum transactions and messages with local private keys"
name = "eth-account"
optional = false
python-versions = ">=3.5, <4"
version = "0.3.0"

[package.dependencies]
attrdict = ">=2.0.0,<3"
eth-keyfile = ">=0.5.0,<0.6.0"
eth-keys = ">=0.2.0b3,<0.3.0"
eth-rlp = ">=0.1.2,<1"
eth-utils = ">=1.0.2,<2"
hexbytes = ">=0.1.0,<1"

[[package]]
category = "main"
description = "eth-hash: The Ethereum hashing function, keccak256, sometimes (erroneously) called sha3"
name = "eth-hash"
optional = false
python-versions = ">=3.5, <4"
version = "0.2.0"

[package.dependencies]
pycryptodome = ">=3.6.6,<4"

[[package]]
category = "main"
description = "A library for handling the encrypted keyfiles used to store ethereum private keys."
name = "eth-keyfile"
optional = false
python-versions = "*"
version = "0.5.1"

[package.dependencies]
cytoolz = ">=0.9.0,<1.0.0"
eth-keys = ">=0.1.0-beta.4,<1.0.0"
eth-utils = ">=1.0.0-beta.1,<2.0.0"
pycryptodome = ">=3.4.7,<4.0.0"

[[package]]
category = "main"
description = "Common API for Ethereum key operations."
name = "eth-keys"
optional = false
python-versions = "*"
version = "0.2.4"

[package.dependencies]
eth-utils = ">=1.3.0,<2.0.0"

[[package]]
category = "main"
description = "eth-rlp: RLP definitions for common Ethereum objects in Python"
name = "eth-rlp"
optional = false
python-versions = ">=3.5, <4"
version = "0.1.2"

[package.dependencies]
eth-utils = ">=1.0.1,<2"
hexbytes = ">=0.1.0,<1"
rlp = ">=0.6.0,<2"

[[package]]
category = "main"
description = "eth-typing: Common type annotations for ethereum python packages"
name = "eth-typing"
optional = false
python-versions = ">=3.5, <4"
version = "2.1.0"

[[package]]
category = "main"
description = "Common utility functions for ethereum codebases."
name = "eth-utils"
optional = false
python-versions = ">=3.5,!=3.5.2,<4"
version = "1.6.1"

[package.dependencies]
cytoolz = ">=0.8.2,<1.0.0"
eth-hash = ">=0.1.0,<1.0.0"
eth-typing = ">=1.0.0,<3.0.0"
toolz = ">0.8.2,<1"

[[package]]
category = "main"
description = "hexbytes: Python `bytes` subclass that decodes hex, with a readable console output"
name = "hexbytes"
optional = false
python-versions = ">=3.6, <4"
version = "0.2.0"

[package.dependencies]
eth-utils = ">=1.0.1,<2"

[[package]]
category = "main"
description = "Internationalized Domain Names in Applications (IDNA)"
name = "idna"
optional = false
python-versions = ">=2.7, !=3.0.*, !=3.1.*, !=3.2.*, !=3.3.*"
version = "2.8"

[[package]]
category = "dev"
description = "Read metadata from Python packages"
name = "importlib-metadata"
optional = false
python-versions = ">=2.7,!=3.0,!=3.1,!=3.2,!=3.3"
version = "0.18"

[package.dependencies]
zipp = ">=0.5"

[[package]]
category = "main"
description = "An Dict like LRU container."
name = "lru-dict"
optional = false
python-versions = "*"
version = "1.1.6"

[[package]]
category = "dev"
description = "More routines for operating on iterables, beyond itertools"
name = "more-itertools"
optional = false
python-versions = ">=3.4"
version = "7.0.0"

[[package]]
category = "main"
description = "(Soon to be) the fastest pure-Python PEG parser I could muster"
name = "parsimonious"
optional = false
python-versions = "*"
version = "0.8.1"

[package.dependencies]
six = ">=1.9.0"

[[package]]
category = "dev"
description = "plugin and hook calling mechanisms for python"
name = "pluggy"
optional = false
python-versions = ">=2.7, !=3.0.*, !=3.1.*, !=3.2.*, !=3.3.*"
version = "0.12.0"

[package.dependencies]
importlib-metadata = ">=0.12"

[[package]]
category = "main"
description = "Pony Object-Relational Mapper"
name = "pony"
optional = false
python-versions = "*"
version = "0.7.10"

[[package]]
category = "main"
description = "psycopg2 - Python-PostgreSQL Database Adapter"
name = "psycopg2"
optional = false
python-versions = ">=2.7,!=3.0.*,!=3.1.*,!=3.2.*,!=3.3.*"
version = "2.8.3"

[[package]]
category = "dev"
description = "library with cross-python path, ini-parsing, io, code, log facilities"
name = "py"
optional = false
python-versions = ">=2.7, !=3.0.*, !=3.1.*, !=3.2.*, !=3.3.*"
version = "1.8.0"

[[package]]
category = "main"
description = "Cryptographic library for Python"
name = "pycryptodome"
optional = false
python-versions = ">=2.6, !=3.0.*, !=3.1.*, !=3.2.*, !=3.3.*"
version = "3.8.2"

[[package]]
category = "main"
description = ""
marker = "platform_system == \"Windows\""
name = "pypiwin32"
optional = false
python-versions = "*"
version = "223"

[package.dependencies]
pywin32 = ">=223"

[[package]]
category = "dev"
description = "pytest: simple powerful testing with Python"
name = "pytest"
optional = false
python-versions = ">=2.7, !=3.0.*, !=3.1.*, !=3.2.*, !=3.3.*"
version = "3.10.1"

[package.dependencies]
atomicwrites = ">=1.0"
attrs = ">=17.4.0"
colorama = "*"
more-itertools = ">=4.0.0"
pluggy = ">=0.7"
py = ">=1.5.0"
setuptools = "*"
six = ">=1.10.0"

[[package]]
category = "main"
description = "Python for Window Extensions"
marker = "platform_system == \"Windows\""
name = "pywin32"
optional = false
python-versions = "*"
version = "224"

[[package]]
category = "main"
description = "Python HTTP for Humans."
name = "requests"
optional = false
python-versions = ">=2.7, !=3.0.*, !=3.1.*, !=3.2.*, !=3.3.*, !=3.4.*"
version = "2.22.0"

[package.dependencies]
certifi = ">=2017.4.17"
chardet = ">=3.0.2,<3.1.0"
idna = ">=2.5,<2.9"
urllib3 = ">=1.21.1,<1.25.0 || >1.25.0,<1.25.1 || >1.25.1,<1.26"

[[package]]
category = "main"
description = "A package for Recursive Length Prefix encoding and decoding"
name = "rlp"
optional = false
python-versions = "*"
version = "1.1.0"

[package.dependencies]
eth-utils = ">=1.0.2,<2"

[[package]]
category = "main"
description = "Python 2 and 3 compatibility utilities"
name = "six"
optional = false
python-versions = ">=2.6, !=3.0.*, !=3.1.*"
version = "1.12.0"

[[package]]
category = "main"
description = "ANSII Color formatting for output in terminal."
name = "termcolor"
optional = false
python-versions = "*"
version = "1.1.0"

[[package]]
category = "main"
description = "List processing tools and functional utilities"
name = "toolz"
optional = false
python-versions = "*"
version = "0.9.0"

[[package]]
category = "main"
description = "HTTP library with thread-safe connection pooling, file post, and more."
name = "urllib3"
optional = false
python-versions = ">=2.7, !=3.0.*, !=3.1.*, !=3.2.*, !=3.3.*, <4"
version = "1.25.3"

[[package]]
category = "main"
description = "Web3.py"
name = "web3"
optional = false
python-versions = ">=3.5.3,<4"
version = "4.9.2"

[package.dependencies]
cytoolz = ">=0.9.0,<1.0.0"
eth-abi = ">=1.2.0,<2.0.0"
eth-account = ">=0.2.1,<0.4.0"
eth-hash = ">=0.2.0,<1.0.0"
eth-utils = ">=1.2.0,<2.0.0"
hexbytes = ">=0.1.0,<1.0.0"
lru-dict = ">=1.1.6,<2.0.0"
pypiwin32 = ">=223"
requests = ">=2.16.0,<3.0.0"
toolz = ">=0.9.0,<1.0.0"
websockets = ">=6.0.0,<7.0.0"

[[package]]
category = "main"
description = "An implementation of the WebSocket Protocol (RFC 6455 & 7692)"
name = "websockets"
optional = false
python-versions = ">=3.4"
version = "6.0"

[[package]]
category = "dev"
description = "Backport of pathlib-compatible object wrapper for zip files"
name = "zipp"
optional = false
python-versions = ">=2.7"
version = "0.5.1"

[metadata]
content-hash = "0929c4cfddfa475cb640a1b65ae39ef19cc8e0575105919be5892edb19101151"
python-versions = "^3.7"

[metadata.hashes]
atomicwrites = ["03472c30eb2c5d1ba9227e4c2ca66ab8287fbfbbda3888aa93dc2e28fc6811b4", "75a9445bac02d8d058d5e1fe689654ba5a6556a1dfd8ce6ec55a0ed79866cfa6"]
attrdict = ["35c90698b55c683946091177177a9e9c0713a0860f0e049febd72649ccd77b70", "9432e3498c74ff7e1b20b3d93b45d766b71cbffa90923496f82c4ae38b92be34"]
attrs = ["69c0dbf2ed392de1cb5ec704444b08a5ef81680a61cb899dc08127123af36a79", "f0b870f674851ecbfbbbd364d6b5cbdff9dcedbc7f3f5e18a6891057f21fe399"]
certifi = ["046832c04d4e752f37383b628bc601a7ea7211496b4638f6514d0e5b9acc4939", "945e3ba63a0b9f577b1395204e13c3a231f9bc0223888be653286534e5873695"]
chardet = ["84ab92ed1c4d4f16916e05906b6b75a6c0fb5db821cc65e70cbd64a3e2a5eaae", "fc323ffcaeaed0e0a02bf4d117757b98aed530d9ed4531e3e15460124c106691"]
colorama = ["05eed71e2e327246ad6b38c540c4a3117230b19679b875190486ddd2d721422d", "f8ac84de7840f5b9c4e3347b3c1eaa50f7e49c2b07596221daec5edaabbd7c48"]
cytoolz = ["84cc06fa40aa310f2df79dd440fc5f84c3e20f01f9f7783fc9c38d0a11ba00e5"]
docopt = ["49b3a825280bd66b3aa83585ef59c4a8c82f2c8a522dbe754a8bc8d08c85c491"]
eth-abi = ["04e64f739c6f6cb6aded3e7c8924cc49ffbb088ac53ad1786765747853f167b1", "2a898568fd85b8f162b89890695f7e08d7a53dec70ecdb6bea20c544241d8621"]
eth-account = ["3b5b1735db5736c9bb59786256edb0e18ea912f0a3d835611abb0266aa71c0d1", "63d782e7d0db455d13b5d6f18df790895072fde49ed00f1c176ae11dfa87251b"]
eth-hash = ["1b9cb34dd3cd99c85c2bd6a1420ceae39a2eee8bf080efd264bcda8be3edecc8", "499dc02d098f69856d1a6dd005529c16174157d4fb2a9fe20c41f69e39f8f176"]
eth-keyfile = ["70d734af17efdf929a90bb95375f43522be4ed80c3b9e0a8bca575fb11cd1159", "939540efb503380bc30d926833e6a12b22c6750de80feef3720d79e5a79de47d"]
eth-keys = ["d1cdcd6b2118edf5dcd112ba6efc4b187b028c5c7d6af6ca04d90b7af94a1c58", "e15a0140852552ec3eb07e9731e23d390aea4bae892022279af42ce32e9c2620"]
eth-rlp = ["05d8456981d85e16a9afa57f2f2c3356af5d1c49499cc8512cfcdc034b90dde5", "a94744c207ea731a7266bd0894179dc6e51a6a8965316000c8e823b5d7e07694"]
eth-typing = ["164d5fb164636b62a5729557953edfadc91e4f1b055cd591cace24913a917764", "901fcda2ab7cb4d92314484ce4730b6e02f1fccd97d3e20f72a9bdb531624c45"]
eth-utils = ["9e5d08264db94676714dd571a1c91ff8edb90e938e773eabb94af82902dc5212", "f2fe7828ae827f38bdf51ae002f26d5eaa974eeaa3470f30d7ac705605c7a058"]
hexbytes = ["438ba9a28dfcda2c2276954b4310f9af1604fb198bfe5ac44c6518feaf6d376a", "9e8b3e3dc4a7de23c0cf1bb3c3edfcc1f0df4b78927bad63816c27a027b8b7d1"]
idna = ["c357b3f628cf53ae2c4c05627ecc484553142ca23264e593d327bcde5e9c3407", "ea8b7f6188e6fa117537c3df7da9fc686d485087abf6ac197f9c46432f7e4a3c"]
importlib-metadata = ["6dfd58dfe281e8d240937776065dd3624ad5469c835248219bd16cf2e12dbeb7", "cb6ee23b46173539939964df59d3d72c3e0c1b5d54b84f1d8a7e912fe43612db"]
lru-dict = ["365457660e3d05b76f1aba3e0f7fedbfcd6528e97c5115a351ddd0db488354cc"]
more-itertools = ["2112d2ca570bb7c3e53ea1a35cd5df42bb0fd10c45f0fb97178679c3c03d64c7", "c3e4748ba1aad8dba30a4886b0b1a2004f9a863837b8654e7059eebf727afa5a"]
parsimonious = ["3add338892d580e0cb3b1a39e4a1b427ff9f687858fdd61097053742391a9f6b"]
pluggy = ["0825a152ac059776623854c1543d65a4ad408eb3d33ee114dff91e57ec6ae6fc", "b9817417e95936bf75d85d3f8767f7df6cdde751fc40aed3bb3074cbcb77757c"]
pony = ["55bb9d4d12029d8c2bbbc7a284970e72225035db7e6370c0a15ec93d1886fe88"]
psycopg2 = ["128d0fa910ada0157bba1cb74a9c5f92bb8a1dca77cf91a31eb274d1f889e001", "227fd46cf9b7255f07687e5bde454d7d67ae39ca77e170097cdef8ebfc30c323", "2315e7f104681d498ccf6fd70b0dba5bce65d60ac92171492bfe228e21dcc242", "4b5417dcd2999db0f5a891d54717cfaee33acc64f4772c4bc574d4ff95ed9d80", "640113ddc943522aaf71294e3f2d24013b0edd659b7820621492c9ebd3a2fb0b", "897a6e838319b4bf648a574afb6cabcb17d0488f8c7195100d48d872419f4457", "8dceca81409898c870e011c71179454962dec152a1a6b86a347f4be74b16d864", "b1b8e41da09a0c3ef0b3d4bb72da0dde2abebe583c1e8462973233fd5ad0235f", "cb407fccc12fc29dc331f2b934913405fa49b9b75af4f3a72d0f50f57ad2ca23", "d3a27550a8185e53b244ad7e79e307594b92fede8617d80200a8cce1fba2c60f", "f0e6b697a975d9d3ccd04135316c947dd82d841067c7800ccf622a8717e98df1"]
py = ["64f65755aee5b381cea27766a3a147c3f15b9b6b9ac88676de66ba2ae36793fa", "dc639b046a6e2cff5bbe40194ad65936d6ba360b52b3c3fe1d08a82dd50b5e53"]
pycryptodome = ["0281dc6a65a4d0d9e439f54e0ad5faf27bfdc2ebe9ead36912bac74a0920fa2e", "02af9b284f5c9a55f06f5e4532c16c9b7bd958e293e93969934d864ef7bd87ee", "09da99372fb69762e4b9690291176a166cc351793e2e1c9405d29ca291503aa8", "0c2400ccfc049c3f24e65d4f02bb4208d86e408011019e455fab7f50d2b226c9", "2081dd6dce6b21bf3596427edaedd4f2561dce616893b162ed2c674f3a3ca70a", "28b86ec9fdb005a2a18e4862a3a7277046738825ee8dc89cda5657e75a396089", "2d790c0d4c0d5edcf5fbab4e2af7b03757e40c5ae8d217f0dfe9ddea37fe130f", "2f24906153dca16528cf5515b1afa9ef635423d5a654904e861765f88ca667b6", "30d283939896fa4bacbdb9fa86e6fd51e9a5b953a511e210b38481f697f289f5", "31f78b67f97830d137f74813c0502a181a03b43a32ed124049bb20428176c307", "33c1f3a380fd38ab4dd4372bef17e98002b360b52814bb1b077693b1bd06ec87", "34091e9a6650c44e25339f22fc821396f19f152f65be2546edd823a093fb5a04", "567fb73951ab6865a2eb1a0060b54be1e27302574f6c65879525bdf53fab49e1", "5bc40f8aa7ba8ca7f833ad2477b9d84e1bfd2630b22a46d9bbd221982f8c3ac0", "6b0a0ccf33c7a6100c569667c888335a4aaf0d22218cb97b4963a65d70f6c343", "71b93157f1ce93fc7cfff9359b76def2b4826a7ef7a7f95e070161368e7f584a", "7d939d511b7dac29b2d936706786771ecb8256e43fade5cdb0e8bc58f02b86cf", "7fbc5a93d52e4c51487f4648b00dc41700adb144d10fc567b05f852e76c243ad", "9cb94b8f9c915a5d2b273d612a25a8e5d67b49543f8eb6bcec0275ac46cda421", "a585ea1722f9731e75881d5ffcc51d11c794d244ac57e7c2a9cbb8d5ac729302", "a6458dd7a10ae51f6fce56bdfc79bf6d3b54556237045d09e77fbda9d6d37864", "a9fb92e948128bce0239b87c6efcf2cb1c5a703d0b41dd6835211e6fafd1c5df", "b0b6b4ca1c53e7d6ca9f2720919f63837f05e7a5f92912a2bc29bfd03ed3b54f", "b7d22c8d648aaa3a7ec785eda544402141eb78ac5ffbba4cbe2c3a1f52276870", "bc9560574a868cfa2ba781b7bb0b4685b08ea251697abfc49070ffc05e1cbee6", "c0c5a576f3f7b7de3f86889cb47eb51b59dc11db9cf1e2a0f51eb4d988010ea4", "e1c91c2fa942a71c98a7a1f462de6dbbe82f34b9267eb8131314d97bd13bf0d4", "ec936361ad78aa95382c313df95777795b8185aac5dd3ec5463363ea94b556fc"]
pypiwin32 = ["67adf399debc1d5d14dffc1ab5acacb800da569754fafdc576b2a039485aa775", "71be40c1fbd28594214ecaecb58e7aa8b708eabfa0125c8a109ebd51edbd776a"]
pytest = ["3f193df1cfe1d1609d4c583838bea3d532b18d6160fd3f55c9447fdca30848ec", "e246cf173c01169b9617fc07264b7b1316e78d7a650055235d6d897bc80d9660"]
pywin32 = ["22e218832a54ed206452c8f3ca9eff07ef327f8e597569a4c2828be5eaa09a77", "32b37abafbfeddb0fe718008d6aada5a71efa2874f068bee1f9e703983dcc49a", "35451edb44162d2f603b5b18bd427bc88fcbc74849eaa7a7e7cfe0f507e5c0c8", "4eda2e1e50faa706ff8226195b84fbcbd542b08c842a9b15e303589f85bfb41c", "5f265d72588806e134c8e1ede8561739071626ea4cc25c12d526aa7b82416ae5", "6852ceac5fdd7a146b570655c37d9eacd520ed1eaeec051ff41c6fc94243d8bf", "6dbc4219fe45ece6a0cc6baafe0105604fdee551b5e876dc475d3955b77190ec", "9bd07746ce7f2198021a9fa187fa80df7b221ec5e4c234ab6f00ea355a3baf99"]
requests = ["11e007a8a2aa0323f5a921e9e6a2d7e4e67d9877e85773fba9ba6419025cbeb4", "9cf5292fcd0f598c671cfc1e0d7d1a7f13bb8085e9a590f48c010551dc6c4b31"]
rlp = ["0505fd53278cb4a3ea6baf1b658357ac209bdcdd1b316ac90050c40f669ceacc", "ebe80a03c50e3d6aac47f44ddd45048bb99e411203cd764f5da1330e6d83821c"]
six = ["3350809f0555b11f552448330d0b52d5f24c91a322ea4a15ef22629740f3761c", "d16a0141ec1a18405cd4ce8b4613101da75da0e9a7aec5bdd4fa804d0e0eba73"]
termcolor = ["1d6d69ce66211143803fbc56652b41d73b4a400a2891d7bf7a1cdf4c02de613b"]
toolz = ["929f0a7ea7f61c178bd951bdae93920515d3fbdbafc8e6caf82d752b9b3b31c9"]
urllib3 = ["b246607a25ac80bedac05c6f282e3cdaf3afb65420fd024ac94435cabe6e18d1", "dbe59173209418ae49d485b87d1681aefa36252ee85884c31346debd19463232"]
web3 = ["1800c42c3492a6ebc72f9ad4d6dadfad5ac952564a3f0e1ec05d308a3d52aac7", "27058c6e07f7a3153d1355f7e7406c46c8cc0d5c7b6fdcea84f6f3c9cf7c4364"]
websockets = ["0e2f7d6567838369af074f0ef4d0b802d19fa1fee135d864acc656ceefa33136", "2a16dac282b2fdae75178d0ed3d5b9bc3258dabfae50196cbb30578d84b6f6a6", "5a1fa6072405648cb5b3688e9ed3b94be683ce4a4e5723e6f5d34859dee495c1", "5c1f55a1274df9d6a37553fef8cff2958515438c58920897675c9bc70f5a0538", "669d1e46f165e0ad152ed8197f7edead22854a6c90419f544e0f234cc9dac6c4", "695e34c4dbea18d09ab2c258994a8bf6a09564e762655408241f6a14592d2908", "6b2e03d69afa8d20253455e67b64de1a82ff8612db105113cccec35d3f8429f0", "79ca7cdda7ad4e3663ea3c43bfa8637fc5d5604c7737f19a8964781abbd1148d", "7fd2dd9a856f72e6ed06f82facfce01d119b88457cd4b47b7ae501e8e11eba9c", "82c0354ac39379d836719a77ee360ef865377aa6fdead87909d50248d0f05f4d", "8f3b956d11c5b301206382726210dc1d3bee1a9ccf7aadf895aaf31f71c3716c", "91ec98640220ae05b34b79ee88abf27f97ef7c61cf525eec57ea8fcea9f7dddb", "952be9540d83dba815569d5cb5f31708801e0bbfc3a8c5aef1890b57ed7e58bf", "99ac266af38ba1b1fe13975aea01ac0e14bb5f3a3200d2c69f05385768b8568e", "9fa122e7adb24232247f8a89f2d9070bf64b7869daf93ac5e19546b409e47e96", "a0873eadc4b8ca93e2e848d490809e0123eea154aa44ecd0109c4d0171869584", "cb998bd4d93af46b8b49ecf5a72c0a98e5cc6d57fdca6527ba78ad89d6606484", "e02e57346f6a68523e3c43bbdf35dde5c440318d1f827208ae455f6a2ace446d", "e79a5a896bcee7fff24a788d72e5c69f13e61369d055f28113e71945a7eb1559", "ee55eb6bcf23ecc975e6b47c127c201b913598f38b6a300075f84eeef2d3baff", "f1414e6cbcea8d22843e7eafdfdfae3dd1aba41d1945f6ca66e4806c07c4f454"]
zipp = ["8c1019c6aad13642199fbe458275ad6a84907634cc9f0989877ccc4a2840139d", "ca943a7e809cc12257001ccfb99e3563da9af99d52f261725e96dfe0f9275bc3"]
